
Microsoft Visual Studio Solution File, Format Version 12.00
# Visual Studio Version 17
VisualStudioVersion = 17.4.33403.182
MinimumVisualStudioVersion = 10.0.40219.1
Project("{9A19103F-16F7-4668-BE54-9A1E7A4F7556}") = "BlazorGeophiresSharp.Server", "BlazorGeophiresSharp\Server\BlazorGeophiresSharp.Server.csproj", "{91710073-4D37-4A41-892B-EAFAC96730BD}"
EndProject
Project("{9A19103F-16F7-4668-BE54-9A1E7A4F7556}") = "BlazorGeophiresSharp.Client", "BlazorGeophiresSharp\Client\BlazorGeophiresSharp.Client.csproj", "{0FDA3B5B-A240-4C1D-891D-76643E3A516E}"
EndProject
Project("{9A19103F-16F7-4668-BE54-9A1E7A4F7556}") = "BlazorGeophiresSharp.Shared", "BlazorGeophiresSharp\Shared\BlazorGeophiresSharp.Shared.csproj", "{58364317-BEDB-47EC-AF0B-D1ED8B6615F8}"
EndProject
Project("{2150E333-8FDC-42A3-9474-1A3956D46DE8}") = "Examples", "Examples", "{4E40B99F-EE01-4B32-8C3B-E494CA5C8BD0}"
	ProjectSection(SolutionItems) = preProject
		Examples\example1.txt = Examples\example1.txt
		Examples\example2.txt = Examples\example2.txt
		..\..\..\..\..\Temp\Examples\example3.txt = ..\..\..\..\..\Temp\Examples\example3.txt
		..\..\..\..\..\Temp\Examples\example4.txt = ..\..\..\..\..\Temp\Examples\example4.txt
	EndProjectSection
EndProject
Project("{9A19103F-16F7-4668-BE54-9A1E7A4F7556}") = "GeophiresLibrary", "GeophiresLibrary\GeophiresLibrary.csproj", "{960CB834-7FDA-4D77-9122-EF49E2DF098F}"
EndProject
Global
	GlobalSection(SolutionConfigurationPlatforms) = preSolution
		Debug|Any CPU = Debug|Any CPU
		Release|Any CPU = Release|Any CPU
	EndGlobalSection
	GlobalSection(ProjectConfigurationPlatforms) = postSolution
		{91710073-4D37-4A41-892B-EAFAC96730BD}.Debug|Any CPU.ActiveCfg = Debug|Any CPU
		{91710073-4D37-4A41-892B-EAFAC96730BD}.Debug|Any CPU.Build.0 = Debug|Any CPU
		{91710073-4D37-4A41-892B-EAFAC96730BD}.Release|Any CPU.ActiveCfg = Release|Any CPU
		{91710073-4D37-4A41-892B-EAFAC96730BD}.Release|Any CPU.Build.0 = Release|Any CPU
		{0FDA3B5B-A240-4C1D-891D-76643E3A516E}.Debug|Any CPU.ActiveCfg = Debug|Any CPU
		{0FDA3B5B-A240-4C1D-891D-76643E3A516E}.Debug|Any CPU.Build.0 = Debug|Any CPU
		{0FDA3B5B-A240-4C1D-891D-76643E3A516E}.Release|Any CPU.ActiveCfg = Release|Any CPU
		{0FDA3B5B-A240-4C1D-891D-76643E3A516E}.Release|Any CPU.Build.0 = Release|Any CPU
		{58364317-BEDB-47EC-AF0B-D1ED8B6615F8}.Debug|Any CPU.ActiveCfg = Debug|Any CPU
		{58364317-BEDB-47EC-AF0B-D1ED8B6615F8}.Debug|Any CPU.Build.0 = Debug|Any CPU
		{58364317-BEDB-47EC-AF0B-D1ED8B6615F8}.Release|Any CPU.ActiveCfg = Release|Any CPU
		{58364317-BEDB-47EC-AF0B-D1ED8B6615F8}.Release|Any CPU.Build.0 = Release|Any CPU
		{960CB834-7FDA-4D77-9122-EF49E2DF098F}.Debug|Any CPU.ActiveCfg = Debug|Any CPU
		{960CB834-7FDA-4D77-9122-EF49E2DF098F}.Debug|Any CPU.Build.0 = Debug|Any CPU
		{960CB834-7FDA-4D77-9122-EF49E2DF098F}.Release|Any CPU.ActiveCfg = Release|Any CPU
		{960CB834-7FDA-4D77-9122-EF49E2DF098F}.Release|Any CPU.Build.0 = Release|Any CPU
	EndGlobalSection
	GlobalSection(SolutionProperties) = preSolution
		HideSolutionNode = FALSE
	EndGlobalSection
	GlobalSection(ExtensibilityGlobals) = postSolution
		SolutionGuid = {1B72C4EE-D436-48B0-B8EA-CD068056107C}
	EndGlobalSection
EndGlobal
